
Microsoft Visual Studio Solution File, Format Version 12.00
# Visual Studio Version 17
VisualStudioVersion = 17.5.33627.172
MinimumVisualStudioVersion = 10.0.40219.1
Project("{F14B399A-7131-4C87-9E4B-1186C45EF12D}") = "OtusReport", "OtusReport.rptproj", "{AD98AB59-19E8-4951-A17E-FC8813780103}"
EndProject
Global
	GlobalSection(SolutionConfigurationPlatforms) = preSolution
		Debug|Default = Debug|Default
		DebugLocal|Default = DebugLocal|Default
		Release|Default = Release|Default
	EndGlobalSection
	GlobalSection(ProjectConfigurationPlatforms) = postSolution
		{AD98AB59-19E8-4951-A17E-FC8813780103}.Debug|Default.ActiveCfg = Debug
		{AD98AB59-19E8-4951-A17E-FC8813780103}.Debug|Default.Build.0 = Debug
		{AD98AB59-19E8-4951-A17E-FC8813780103}.Debug|Default.Deploy.0 = Debug
		{AD98AB59-19E8-4951-A17E-FC8813780103}.DebugLocal|Default.ActiveCfg = DebugLocal
		{AD98AB59-19E8-4951-A17E-FC8813780103}.DebugLocal|Default.Build.0 = DebugLocal
		{AD98AB59-19E8-4951-A17E-FC8813780103}.Release|Default.ActiveCfg = Release
		{AD98AB59-19E8-4951-A17E-FC8813780103}.Release|Default.Build.0 = Release
		{AD98AB59-19E8-4951-A17E-FC8813780103}.Release|Default.Deploy.0 = Release
	EndGlobalSection
	GlobalSection(SolutionProperties) = preSolution
		HideSolutionNode = FALSE
	EndGlobalSection
	GlobalSection(ExtensibilityGlobals) = postSolution
		SolutionGuid = {502FB3F6-B0D2-427F-815A-D36C5A495733}
	EndGlobalSection
EndGlobal
